
Microsoft Visual Studio Solution File, Format Version 12.00
# Visual Studio Version 17
VisualStudioVersion = 17.1.32210.238
MinimumVisualStudioVersion = 10.0.40219.1
Project("{FAE04EC0-301F-11D3-BF4B-00C04F79EFBC}") = "Lasmart", "Lasmart\Lasmart.csproj", "{DDF7A144-7679-403E-B902-54CE0BBD07D9}"
EndProject
Global
	GlobalSection(SolutionConfigurationPlatforms) = preSolution
		Debug|Any CPU = Debug|Any CPU
		Release|Any CPU = Release|Any CPU
	EndGlobalSection
	GlobalSection(ProjectConfigurationPlatforms) = postSolution
		{DDF7A144-7679-403E-B902-54CE0BBD07D9}.Debug|Any CPU.ActiveCfg = Debug|Any CPU
		{DDF7A144-7679-403E-B902-54CE0BBD07D9}.Debug|Any CPU.Build.0 = Debug|Any CPU
		{DDF7A144-7679-403E-B902-54CE0BBD07D9}.Release|Any CPU.ActiveCfg = Release|Any CPU
		{DDF7A144-7679-403E-B902-54CE0BBD07D9}.Release|Any CPU.Build.0 = Release|Any CPU
	EndGlobalSection
	GlobalSection(SolutionProperties) = preSolution
		HideSolutionNode = FALSE
	EndGlobalSection
	GlobalSection(ExtensibilityGlobals) = postSolution
		SolutionGuid = {1222FF98-AA83-4919-BD12-CEA9563BDB33}
	EndGlobalSection
EndGlobal
