{
  "name": "lasmart",
  "version": "1.0.0",
  "lockfileVersion": 1,
  "requires": true,
  "dependencies": {
    "jquery": {
      "version": "3.6.0",
      "resolved": "https://registry.npmjs.org/jquery/-/jquery-3.6.0.tgz",
      "integrity": "sha512-JVzAR/AjBvVt2BmYhxRCSYysDsPcssdmTFnzyLEts9qNwmjmu4JTAMYubEfwVOSwpQ1I1sKKFcxhZCI2buerfw=="
    },
    "konva": {
      "version": "8.3.10",
      "resolved": "https://registry.npmjs.org/konva/-/konva-8.3.10.tgz",
      "integrity": "sha512-5zOynjWBG9wWgpA634SDH+764eyoISpmHLTOCfQ3GFN8OBVd83Genk6H0R4D3hXV0kEGIFAv7RDcSVDtQpPOMw=="
    }
  }
}
